
Microsoft Visual Studio Solution File, Format Version 12.00
# Visual Studio Version 17
VisualStudioVersion = 17.1.32414.318
MinimumVisualStudioVersion = 10.0.40219.1
Project("{FAE04EC0-301F-11D3-BF4B-00C04F79EFBC}") = "TracNghiem", "TracNghiem\TracNghiem.csproj", "{8E9BD52B-6F36-4FC3-B27B-5506378E11CC}"
EndProject
Global
	GlobalSection(SolutionConfigurationPlatforms) = preSolution
		Debug|Any CPU = Debug|Any CPU
		Release|Any CPU = Release|Any CPU
	EndGlobalSection
	GlobalSection(ProjectConfigurationPlatforms) = postSolution
		{8E9BD52B-6F36-4FC3-B27B-5506378E11CC}.Debug|Any CPU.ActiveCfg = Debug|Any CPU
		{8E9BD52B-6F36-4FC3-B27B-5506378E11CC}.Debug|Any CPU.Build.0 = Debug|Any CPU
		{8E9BD52B-6F36-4FC3-B27B-5506378E11CC}.Release|Any CPU.ActiveCfg = Release|Any CPU
		{8E9BD52B-6F36-4FC3-B27B-5506378E11CC}.Release|Any CPU.Build.0 = Release|Any CPU
	EndGlobalSection
	GlobalSection(SolutionProperties) = preSolution
		HideSolutionNode = FALSE
	EndGlobalSection
	GlobalSection(ExtensibilityGlobals) = postSolution
		SolutionGuid = {6378F9FE-8F34-424F-B788-4FC014CDDF97}
	EndGlobalSection
EndGlobal
